
Microsoft Visual Studio Solution File, Format Version 12.00
# Visual Studio Version 16
VisualStudioVersion = 16.0.28803.452
MinimumVisualStudioVersion = 10.0.40219.1
Project("{FAE04EC0-301F-11D3-BF4B-00C04F79EFBC}") = "ppedv.ADC2019.Model", "ppedv.ADC2019.Model\ppedv.ADC2019.Model.csproj", "{EF4454F1-6F84-4770-B3BF-9412923B8797}"
EndProject
Project("{FAE04EC0-301F-11D3-BF4B-00C04F79EFBC}") = "ppedv.ADC2019.Data.EF", "ppedv.ADC2019.Data.EF\ppedv.ADC2019.Data.EF.csproj", "{3D49017B-8BF3-4A97-A104-F619CE256378}"
EndProject
Project("{FAE04EC0-301F-11D3-BF4B-00C04F79EFBC}") = "ppedv.ADC2019.Data.EF.Tests", "ppedv.ADC2019.Data.EF.Tests\ppedv.ADC2019.Data.EF.Tests.csproj", "{07C239F6-3BCE-4C59-96C8-07C14C4ECC29}"
EndProject
Project("{FAE04EC0-301F-11D3-BF4B-00C04F79EFBC}") = "ppedv.ADC2019.Logic", "ppedv.ADC2019.Logic\ppedv.ADC2019.Logic.csproj", "{3E67D03F-AD22-48E1-B045-065C056AA862}"
EndProject
Project("{FAE04EC0-301F-11D3-BF4B-00C04F79EFBC}") = "ppedv.ADC2019.UI.DevConsole", "ppedv.ADC2019.UI.DevConsole\ppedv.ADC2019.UI.DevConsole.csproj", "{55758F37-6C67-4EFC-A119-4B164D8199BE}"
EndProject
Global
	GlobalSection(SolutionConfigurationPlatforms) = preSolution
		Debug|Any CPU = Debug|Any CPU
		Release|Any CPU = Release|Any CPU
	EndGlobalSection
	GlobalSection(ProjectConfigurationPlatforms) = postSolution
		{EF4454F1-6F84-4770-B3BF-9412923B8797}.Debug|Any CPU.ActiveCfg = Debug|Any CPU
		{EF4454F1-6F84-4770-B3BF-9412923B8797}.Debug|Any CPU.Build.0 = Debug|Any CPU
		{EF4454F1-6F84-4770-B3BF-9412923B8797}.Release|Any CPU.ActiveCfg = Release|Any CPU
		{EF4454F1-6F84-4770-B3BF-9412923B8797}.Release|Any CPU.Build.0 = Release|Any CPU
		{3D49017B-8BF3-4A97-A104-F619CE256378}.Debug|Any CPU.ActiveCfg = Debug|Any CPU
		{3D49017B-8BF3-4A97-A104-F619CE256378}.Debug|Any CPU.Build.0 = Debug|Any CPU
		{3D49017B-8BF3-4A97-A104-F619CE256378}.Release|Any CPU.ActiveCfg = Release|Any CPU
		{3D49017B-8BF3-4A97-A104-F619CE256378}.Release|Any CPU.Build.0 = Release|Any CPU
		{07C239F6-3BCE-4C59-96C8-07C14C4ECC29}.Debug|Any CPU.ActiveCfg = Debug|Any CPU
		{07C239F6-3BCE-4C59-96C8-07C14C4ECC29}.Debug|Any CPU.Build.0 = Debug|Any CPU
		{07C239F6-3BCE-4C59-96C8-07C14C4ECC29}.Release|Any CPU.ActiveCfg = Release|Any CPU
		{07C239F6-3BCE-4C59-96C8-07C14C4ECC29}.Release|Any CPU.Build.0 = Release|Any CPU
		{3E67D03F-AD22-48E1-B045-065C056AA862}.Debug|Any CPU.ActiveCfg = Debug|Any CPU
		{3E67D03F-AD22-48E1-B045-065C056AA862}.Debug|Any CPU.Build.0 = Debug|Any CPU
		{3E67D03F-AD22-48E1-B045-065C056AA862}.Release|Any CPU.ActiveCfg = Release|Any CPU
		{3E67D03F-AD22-48E1-B045-065C056AA862}.Release|Any CPU.Build.0 = Release|Any CPU
		{55758F37-6C67-4EFC-A119-4B164D8199BE}.Debug|Any CPU.ActiveCfg = Debug|Any CPU
		{55758F37-6C67-4EFC-A119-4B164D8199BE}.Debug|Any CPU.Build.0 = Debug|Any CPU
		{55758F37-6C67-4EFC-A119-4B164D8199BE}.Release|Any CPU.ActiveCfg = Release|Any CPU
		{55758F37-6C67-4EFC-A119-4B164D8199BE}.Release|Any CPU.Build.0 = Release|Any CPU
	EndGlobalSection
	GlobalSection(SolutionProperties) = preSolution
		HideSolutionNode = FALSE
	EndGlobalSection
	GlobalSection(ExtensibilityGlobals) = postSolution
		SolutionGuid = {3311C6C2-9A58-4BE6-BF61-1B190663C7CE}
	EndGlobalSection
EndGlobal
